// !$*UTF8*$!
{
	archiveVersion = 1;
	classes = {
	};
	objectVersion = 46;
	objects = {

/* Begin PBXBuildFile section */
		021FCC1E04E8A9DD5F1C4D90 /* Pods_YZTableViewDemo.framework in Frameworks */ = {isa = PBXBuildFile; fileRef = E77DB86F57D26D0D467EE7B3 /* Pods_YZTableViewDemo.framework */; };
		FBF7EDB61C50366900545707 /* main.m in Sources */ = {isa = PBXBuildFile; fileRef = FBF7EDB51C50366900545707 /* main.m */; };
		FBF7EDB91C50366900545707 /* AppDelegate.m in Sources */ = {isa = PBXBuildFile; fileRef = FBF7EDB81C50366900545707 /* AppDelegate.m */; };
		FBF7EDBC1C50366900545707 /* ViewController.m in Sources */ = {isa = PBXBuildFile; fileRef = FBF7EDBB1C50366900545707 /* ViewController.m */; };
		FBF7EDBF1C50366900545707 /* Main.storyboard in Resources */ = {isa = PBXBuildFile; fileRef = FBF7EDBD1C50366900545707 /* Main.storyboard */; };
		FBF7EDC11C50366900545707 /* Assets.xcassets in Resources */ = {isa = PBXBuildFile; fileRef = FBF7EDC01C50366900545707 /* Assets.xcassets */; };
		FBF7EDC41C50366900545707 /* LaunchScreen.storyboard in Resources */ = {isa = PBXBuildFile; fileRef = FBF7EDC21C50366900545707 /* LaunchScreen.storyboard */; };
/* End PBXBuildFile section */

/* Begin PBXFileReference section */
		0E59481EECF2F3D03BBA01AF /* Pods-YZTableViewDemo.debug.xcconfig */ = {isa = PBXFileReference; includeInIndex = 1; lastKnownFileType = text.xcconfig; name = "Pods-YZTableViewDemo.debug.xcconfig"; path = "Pods/Target Support Files/Pods-YZTableViewDemo/Pods-YZTableViewDemo.debug.xcconfig"; sourceTree = "<group>"; };
		B09B643B1E504607B1E87CE9 /* Pods-YZTableViewDemo.release.xcconfig */ = {isa = PBXFileReference; includeInIndex = 1; lastKnownFileType = text.xcconfig; name = "Pods-YZTableViewDemo.release.xcconfig"; path = "Pods/Target Support Files/Pods-YZTableViewDemo/Pods-YZTableViewDemo.release.xcconfig"; sourceTree = "<group>"; };
		E77DB86F57D26D0D467EE7B3 /* Pods_YZTableViewDemo.framework */ = {isa = PBXFileReference; explicitFileType = wrapper.framework; includeInIndex = 0; path = Pods_YZTableViewDemo.framework; sourceTree = BUILT_PRODUCTS_DIR; };
		FBF7EDB11C50366900545707 /* YZTableViewDemo.app */ = {isa = PBXFileReference; explicitFileType = wrapper.application; includeInIndex = 0; path = YZTableViewDemo.app; sourceTree = BUILT_PRODUCTS_DIR; };
		FBF7EDB51C50366900545707 /* main.m */ = {isa = PBXFileReference; lastKnownFileType = sourcecode.c.objc; path = main.m; sourceTree = "<group>"; };
		FBF7EDB71C50366900545707 /* AppDelegate.h */ = {isa = PBXFileReference; lastKnownFileType = sourcecode.c.h; path = AppDelegate.h; sourceTree = "<group>"; };
		FBF7EDB81C50366900545707 /* AppDelegate.m */ = {isa = PBXFileReference; lastKnownFileType = sourcecode.c.objc; path = AppDelegate.m; sourceTree = "<group>"; };
		FBF7EDBA1C50366900545707 /* ViewController.h */ = {isa = PBXFileReference; lastKnownFileType = sourcecode.c.h; path = ViewController.h; sourceTree = "<group>"; };
		FBF7EDBB1C50366900545707 /* ViewController.m */ = {isa = PBXFileReference; lastKnownFileType = sourcecode.c.objc; path = ViewController.m; sourceTree = "<group>"; };
		FBF7EDBE1C50366900545707 /* Base */ = {isa = PBXFileReference; lastKnownFileType = file.storyboard; name = Base; path = Base.lproj/Main.storyboard; sourceTree = "<group>"; };
		FBF7EDC01C50366900545707 /* Assets.xcassets */ = {isa = PBXFileReference; lastKnownFileType = folder.assetcatalog; path = Assets.xcassets; sourceTree = "<group>"; };
		FBF7EDC31C50366900545707 /* Base */ = {isa = PBXFileReference; lastKnownFileType = file.storyboard; name = Base; path = Base.lproj/LaunchScreen.storyboard; sourceTree = "<group>"; };
		FBF7EDC51C50366900545707 /* Info.plist */ = {isa = PBXFileReference; lastKnownFileType = text.plist.xml; path = Info.plist; sourceTree = "<group>"; };
/* End PBXFileReference section */

/* Begin PBXFrameworksBuildPhase section */
		FBF7EDAE1C50366900545707 /* Frameworks */ = {
			isa = PBXFrameworksBuildPhase;
			buildActionMask = 2147483647;
			files = (
				021FCC1E04E8A9DD5F1C4D90 /* Pods_YZTableViewDemo.framework in Frameworks */,
			);
			runOnlyForDeploymentPostprocessing = 0;
		};
/* End PBXFrameworksBuildPhase section */

/* Begin PBXGroup section */
		3E2B0C03D1C0BB262F40B464 /* Pods */ = {
			isa = PBXGroup;
			children = (
				0E59481EECF2F3D03BBA01AF /* Pods-YZTableViewDemo.debug.xcconfig */,
				B09B643B1E504607B1E87CE9 /* Pods-YZTableViewDemo.release.xcconfig */,
			);
			name = Pods;
			sourceTree = "<group>";
		};
		AA7A7AAA8AE634091551E2DD /* Frameworks */ = {
			isa = PBXGroup;
			children = (
				E77DB86F57D26D0D467EE7B3 /* Pods_YZTableViewDemo.framework */,
			);
			name = Frameworks;
			sourceTree = "<group>";
		};
		FBF7EDA81C50366900545707 = {
			isa = PBXGroup;
			children = (
				FBF7EDB31C50366900545707 /* YZTableViewDemo */,
				FBF7EDB21C50366900545707 /* Products */,
				3E2B0C03D1C0BB262F40B464 /* Pods */,
				AA7A7AAA8AE634091551E2DD /* Frameworks */,
			);
			sourceTree = "<group>";
		};
		FBF7EDB21C50366900545707 /* Products */ = {
			isa = PBXGroup;
			children = (
				FBF7EDB11C50366900545707 /* YZTableViewDemo.app */,
			);
			name = Products;
			sourceTree = "<group>";
		};
		FBF7EDB31C50366900545707 /* YZTableViewDemo */ = {
			isa = PBXGroup;
			children = (
				FBF7EDB71C50366900545707 /* AppDelegate.h */,
				FBF7EDB81C50366900545707 /* AppDelegate.m */,
				FBF7EDBA1C50366900545707 /* ViewController.h */,
				FBF7EDBB1C50366900545707 /* ViewController.m */,
				FBF7EDBD1C50366900545707 /* Main.storyboard */,
				FBF7EDC01C50366900545707 /* Assets.xcassets */,
				FBF7EDC21C50366900545707 /* LaunchScreen.storyboard */,
				FBF7EDC51C50366900545707 /* Info.plist */,
				FBF7EDB41C50366900545707 /* Supporting Files */,
			);
			path = YZTableViewDemo;
			sourceTree = "<group>";
		};
		FBF7EDB41C50366900545707 /* Supporting Files */ = {
			isa = PBXGroup;
			children = (
				FBF7EDB51C50366900545707 /* main.m */,
			);
			name = "Supporting Files";
			sourceTree = "<group>";
		};
/* End PBXGroup section */

/* Begin PBXNativeTarget section */
		FBF7EDB01C50366900545707 /* YZTableViewDemo */ = {
			isa = PBXNativeTarget;
			buildConfigurationList = FBF7EDC81C50366A00545707 /* Build configuration list for PBXNativeTarget "YZTableViewDemo" */;
			buildPhases = (
				930B02B0F4A4DB55801501DD /* Check Pods Manifest.lock */,
				FBF7EDAD1C50366900545707 /* Sources */,
				FBF7EDAE1C50366900545707 /* Frameworks */,
				FBF7EDAF1C50366900545707 /* Resources */,
				CCCD15AE93DFB86B7FDF27EA /* Embed Pods Frameworks */,
				139704A45BE84E312B321C3E /* Copy Pods Resources */,
			);
			buildRules = (
			);
			dependencies = (
			);
			name = YZTableViewDemo;
			productName = YZTableViewDemo;
			productReference = FBF7EDB11C50366900545707 /* YZTableViewDemo.app */;
			productType = "com.apple.product-type.application";
		};
/* End PBXNativeTarget section */

/* Begin PBXProject section */
		FBF7EDA91C50366900545707 /* Project object */ = {
			isa = PBXProject;
			attributes = {
				LastUpgradeCheck = 0720;
				ORGANIZATIONNAME = "Yuduo Zhang";
				TargetAttributes = {
					FBF7EDB01C50366900545707 = {
						CreatedOnToolsVersion = 7.2;
					};
				};
			};
			buildConfigurationList = FBF7EDAC1C50366900545707 /* Build configuration list for PBXProject "YZTableViewDemo" */;
			compatibilityVersion = "Xcode 3.2";
			developmentRegion = English;
			hasScannedForEncodings = 0;
			knownRegions = (
				en,
				Base,
			);
			mainGroup = FBF7EDA81C50366900545707;
			productRefGroup = FBF7EDB21C50366900545707 /* Products */;
			projectDirPath = "";
			projectRoot = "";
			targets = (
				FBF7EDB01C50366900545707 /* YZTableViewDemo */,
			);
		};
/* End PBXProject section */

/* Begin PBXResourcesBuildPhase section */
		FBF7EDAF1C50366900545707 /* Resources */ = {
			isa = PBXResourcesBuildPhase;
			buildActionMask = 2147483647;
			files = (
				FBF7EDC41C50366900545707 /* LaunchScreen.storyboard in Resources */,
				FBF7EDC11C50366900545707 /* Assets.xcassets in Resources */,
				FBF7EDBF1C50366900545707 /* Main.storyboard in Resources */,
			);
			runOnlyForDeploymentPostprocessing = 0;
		};
/* End PBXResourcesBuildPhase section */

/* Begin PBXShellScriptBuildPhase section */
		139704A45BE84E312B321C3E /* Copy Pods Resources */ = {
			isa = PBXShellScriptBuildPhase;
			buildActionMask = 2147483647;
			files = (
			);
			inputPaths = (
			);
			name = "Copy Pods Resources";
			outputPaths = (
			);
			runOnlyForDeploymentPostprocessing = 0;
			shellPath = /bin/sh;
			shellScript = "\"${SRCROOT}/Pods/Target Support Files/Pods-YZTableViewDemo/Pods-YZTableViewDemo-resources.sh\"\n";
			showEnvVarsInLog = 0;
		};
		930B02B0F4A4DB55801501DD /* Check Pods Manifest.lock */ = {
			isa = PBXShellScriptBuildPhase;
			buildActionMask = 2147483647;
			files = (
			);
			inputPaths = (
			);
			name = "Check Pods Manifest.lock";
			outputPaths = (
			);
			runOnlyForDeploymentPostprocessing = 0;
			shellPath = /bin/sh;
			shellScript = "diff \"${PODS_ROOT}/../Podfile.lock\" \"${PODS_ROOT}/Manifest.lock\" > /dev/null\nif [[ $? != 0 ]] ; then\n    cat << EOM\nerror: The sandbox is not in sync with the Podfile.lock. Run 'pod install' or update your CocoaPods installation.\nEOM\n    exit 1\nfi\n";
			showEnvVarsInLog = 0;
		};
		CCCD15AE93DFB86B7FDF27EA /* Embed Pods Frameworks */ = {
			isa = PBXShellScriptBuildPhase;
			buildActionMask = 2147483647;
			files = (
			);
			inputPaths = (
			);
			name = "Embed Pods Frameworks";
			outputPaths = (
			);
			runOnlyForDeploymentPostprocessing = 0;
			shellPath = /bin/sh;
			shellScript = "\"${SRCROOT}/Pods/Target Support Files/Pods-YZTableViewDemo/Pods-YZTableViewDemo-frameworks.sh\"\n";
			showEnvVarsInLog = 0;
		};
/* End PBXShellScriptBuildPhase section */

/* Begin PBXSourcesBuildPhase section */
		FBF7EDAD1C50366900545707 /* Sources */ = {
			isa = PBXSourcesBuildPhase;
			buildActionMask = 2147483647;
			files = (
				FBF7EDBC1C50366900545707 /* ViewController.m in Sources */,
				FBF7EDB91C50366900545707 /* AppDelegate.m in Sources */,
				FBF7EDB61C50366900545707 /* main.m in Sources */,
			);
			runOnlyForDeploymentPostprocessing = 0;
		};
/* End PBXSourcesBuildPhase section */

/* Begin PBXVariantGroup section */
		FBF7EDBD1C50366900545707 /* Main.storyboard */ = {
			isa = PBXVariantGroup;
			children = (
				FBF7EDBE1C50366900545707 /* Base */,
			);
			name = Main.storyboard;
			sourceTree = "<group>";
		};
		FBF7EDC21C50366900545707 /* LaunchScreen.storyboard */ = {
			isa = PBXVariantGroup;
			children = (
				FBF7EDC31C50366900545707 /* Base */,
			);
			name = LaunchScreen.storyboard;
			sourceTree = "<group>";
		};
/* End PBXVariantGroup section */

/* Begin XCBuildConfiguration section */
		FBF7EDC61C50366A00545707 /* Debug */ = {
			isa = XCBuildConfiguration;
			buildSettings = {
				ALWAYS_SEARCH_USER_PATHS = NO;
				CLANG_CXX_LANGUAGE_STANDARD = "gnu++0x";
				CLANG_CXX_LIBRARY = "libc++";
				CLANG_ENABLE_MODULES = YES;
				CLANG_ENABLE_OBJC_ARC = YES;
				CLANG_WARN_BOOL_CONVERSION = YES;
				CLANG_WARN_CONSTANT_CONVERSION = YES;
				CLANG_WARN_DIRECT_OBJC_ISA_USAGE = YES_ERROR;
				CLANG_WARN_EMPTY_BODY = YES;
				CLANG_WARN_ENUM_CONVERSION = YES;
				CLANG_WARN_INT_CONVERSION = YES;
				CLANG_WARN_OBJC_ROOT_CLASS = YES_ERROR;
				CLANG_WARN_UNREACHABLE_CODE = YES;
				CLANG_WARN__DUPLICATE_METHOD_MATCH = YES;
				"CODE_SIGN_IDENTITY[sdk=iphoneos*]" = "iPhone Developer";
				COPY_PHASE_STRIP = NO;
				DEBUG_INFORMATION_FORMAT = dwarf;
				ENABLE_STRICT_OBJC_MSGSEND = YES;
				ENABLE_TESTABILITY = YES;
				GCC_C_LANGUAGE_STANDARD = gnu99;
				GCC_DYNAMIC_NO_PIC = NO;
				GCC_NO_COMMON_BLOCKS = YES;
				GCC_OPTIMIZATION_LEVEL = 0;
				GCC_PREPROCESSOR_DEFINITIONS = (
					"DEBUG=1",
					"$(inherited)",
				);
				GCC_WARN_64_TO_32_BIT_CONVERSION = YES;
				GCC_WARN_ABOUT_RETURN_TYPE = YES_ERROR;
				GCC_WARN_UNDECLARED_SELECTOR = YES;
				GCC_WARN_UNINITIALIZED_AUTOS = YES_AGGRESSIVE;
				GCC_WARN_UNUSED_FUNCTION = YES;
				GCC_WARN_UNUSED_VARIABLE = YES;
				IPHONEOS_DEPLOYMENT_TARGET = 9.2;
				MTL_ENABLE_DEBUG_INFO = YES;
				ONLY_ACTIVE_ARCH = YES;
				SDKROOT = iphoneos;
			};
			name = Debug;
		};
		FBF7EDC71C50366A00545707 /* Release */ = {
			isa = XCBuildConfiguration;
			buildSettings = {
				ALWAYS_SEARCH_USER_PATHS = NO;
				CLANG_CXX_LANGUAGE_STANDARD = "gnu++0x";
				CLANG_CXX_LIBRARY = "libc++";
				CLANG_ENABLE_MODULES = YES;
				CLANG_ENABLE_OBJC_ARC = YES;
				CLANG_WARN_BOOL_CONVERSION = YES;
				CLANG_WARN_CONSTANT_CONVERSION = YES;
				CLANG_WARN_DIRECT_OBJC_ISA_USAGE = YES_ERROR;
				CLANG_WARN_EMPTY_BODY = YES;
				CLANG_WARN_ENUM_CONVERSION = YES;
				CLANG_WARN_INT_CONVERSION = YES;
				CLANG_WARN_OBJC_ROOT_CLASS = YES_ERROR;
				CLANG_WARN_UNREACHABLE_CODE = YES;
				CLANG_WARN__DUPLICATE_METHOD_MATCH = YES;
				"CODE_SIGN_IDENTITY[sdk=iphoneos*]" = "iPhone Developer";
				COPY_PHASE_STRIP = NO;
				DEBUG_INFORMATION_FORMAT = "dwarf-with-dsym";
				ENABLE_NS_ASSERTIONS = NO;
				ENABLE_STRICT_OBJC_MSGSEND = YES;
				GCC_C_LANGUAGE_STANDARD = gnu99;
				GCC_NO_COMMON_BLOCKS = YES;
				GCC_WARN_64_TO_32_BIT_CONVERSION = YES;
				GCC_WARN_ABOUT_RETURN_TYPE = YES_ERROR;
				GCC_WARN_UNDECLARED_SELECTOR = YES;
				GCC_WARN_UNINITIALIZED_AUTOS = YES_AGGRESSIVE;
				GCC_WARN_UNUSED_FUNCTION = YES;
				GCC_WARN_UNUSED_VARIABLE = YES;
				IPHONEOS_DEPLOYMENT_TARGET = 9.2;
				MTL_ENABLE_DEBUG_INFO = NO;
				SDKROOT = iphoneos;
				VALIDATE_PRODUCT = YES;
			};
			name = Release;
		};
		FBF7EDC91C50366A00545707 /* Debug */ = {
			isa = XCBuildConfiguration;
			baseConfigurationReference = 0E59481EECF2F3D03BBA01AF /* Pods-YZTableViewDemo.debug.xcconfig */;
			buildSettings = {
				ASSETCATALOG_COMPILER_APPICON_NAME = AppIcon;
				INFOPLIST_FILE = YZTableViewDemo/Info.plist;
				LD_RUNPATH_SEARCH_PATHS = "$(inherited) @executable_path/Frameworks";
				PRODUCT_BUNDLE_IDENTIFIER = abcd.YZTableViewDemo;
				PRODUCT_NAME = "$(TARGET_NAME)";
			};
			name = Debug;
		};
		FBF7EDCA1C50366A00545707 /* Release */ = {
			isa = XCBuildConfiguration;
			baseConfigurationReference = B09B643B1E504607B1E87CE9 /* Pods-YZTableViewDemo.release.xcconfig */;
			buildSettings = {
				ASSETCATALOG_COMPILER_APPICON_NAME = AppIcon;
				INFOPLIST_FILE = YZTableViewDemo/Info.plist;
				LD_RUNPATH_SEARCH_PATHS = "$(inherited) @executable_path/Frameworks";
				PRODUCT_BUNDLE_IDENTIFIER = abcd.YZTableViewDemo;
				PRODUCT_NAME = "$(TARGET_NAME)";
			};
			name = Release;
		};
/* End XCBuildConfiguration section */

/* Begin XCConfigurationList section */
		FBF7EDAC1C50366900545707 /* Build configuration list for PBXProject "YZTableViewDemo" */ = {
			isa = XCConfigurationList;
			buildConfigurations = (
				FBF7EDC61C50366A00545707 /* Debug */,
				FBF7EDC71C50366A00545707 /* Release */,
			);
			defaultConfigurationIsVisible = 0;
			defaultConfigurationName = Release;
		};
		FBF7EDC81C50366A00545707 /* Build configuration list for PBXNativeTarget "YZTableViewDemo" */ = {
			isa = XCConfigurationList;
			buildConfigurations = (
				FBF7EDC91C50366A00545707 /* Debug */,
				FBF7EDCA1C50366A00545707 /* Release */,
			);
			defaultConfigurationIsVisible = 0;
			defaultConfigurationName = Release;
		};
/* End XCConfigurationList section */
	};
	rootObject = FBF7EDA91C50366900545707 /* Project object */;
}
